
Microsoft Visual Studio Solution File, Format Version 12.00
# Visual Studio Version 17
VisualStudioVersion = 17.4.33213.308
MinimumVisualStudioVersion = 10.0.40219.1
Project("{FAE04EC0-301F-11D3-BF4B-00C04F79EFBC}") = "ActivHilos", "ActivHilos.csproj", "{4E090EF6-D61D-46E9-B896-D77CEAD29F2E}"
EndProject
Global
	GlobalSection(SolutionConfigurationPlatforms) = preSolution
		Debug|Any CPU = Debug|Any CPU
		Release|Any CPU = Release|Any CPU
	EndGlobalSection
	GlobalSection(ProjectConfigurationPlatforms) = postSolution
		{4E090EF6-D61D-46E9-B896-D77CEAD29F2E}.Debug|Any CPU.ActiveCfg = Debug|Any CPU
		{4E090EF6-D61D-46E9-B896-D77CEAD29F2E}.Debug|Any CPU.Build.0 = Debug|Any CPU
		{4E090EF6-D61D-46E9-B896-D77CEAD29F2E}.Release|Any CPU.ActiveCfg = Release|Any CPU
		{4E090EF6-D61D-46E9-B896-D77CEAD29F2E}.Release|Any CPU.Build.0 = Release|Any CPU
	EndGlobalSection
	GlobalSection(SolutionProperties) = preSolution
		HideSolutionNode = FALSE
	EndGlobalSection
	GlobalSection(ExtensibilityGlobals) = postSolution
		SolutionGuid = {7882801C-3115-46DA-8C40-8242D9D22355}
	EndGlobalSection
EndGlobal
